
Microsoft Visual Studio Solution File, Format Version 12.00
# Visual Studio 15
VisualStudioVersion = 15.0.26730.15
MinimumVisualStudioVersion = 10.0.40219.1
Project("{FAE04EC0-301F-11D3-BF4B-00C04F79EFBC}") = "ExampleFirstWinForm", "ExampleFirstWinForm\ExampleFirstWinForm.csproj", "{BAFE2D52-61DC-49A5-9706-7D7C2C9519F7}"
EndProject
Project("{FAE04EC0-301F-11D3-BF4B-00C04F79EFBC}") = "ExampleSecondWinForm", "ExampleSecondWinForm\ExampleSecondWinForm.csproj", "{02B2F73A-3D13-4208-82B6-61E1D20519CC}"
EndProject
Global
	GlobalSection(SolutionConfigurationPlatforms) = preSolution
		Debug|Any CPU = Debug|Any CPU
		Release|Any CPU = Release|Any CPU
	EndGlobalSection
	GlobalSection(ProjectConfigurationPlatforms) = postSolution
		{BAFE2D52-61DC-49A5-9706-7D7C2C9519F7}.Debug|Any CPU.ActiveCfg = Debug|Any CPU
		{BAFE2D52-61DC-49A5-9706-7D7C2C9519F7}.Debug|Any CPU.Build.0 = Debug|Any CPU
		{BAFE2D52-61DC-49A5-9706-7D7C2C9519F7}.Release|Any CPU.ActiveCfg = Release|Any CPU
		{BAFE2D52-61DC-49A5-9706-7D7C2C9519F7}.Release|Any CPU.Build.0 = Release|Any CPU
		{02B2F73A-3D13-4208-82B6-61E1D20519CC}.Debug|Any CPU.ActiveCfg = Debug|Any CPU
		{02B2F73A-3D13-4208-82B6-61E1D20519CC}.Debug|Any CPU.Build.0 = Debug|Any CPU
		{02B2F73A-3D13-4208-82B6-61E1D20519CC}.Release|Any CPU.ActiveCfg = Release|Any CPU
		{02B2F73A-3D13-4208-82B6-61E1D20519CC}.Release|Any CPU.Build.0 = Release|Any CPU
	EndGlobalSection
	GlobalSection(SolutionProperties) = preSolution
		HideSolutionNode = FALSE
	EndGlobalSection
	GlobalSection(ExtensibilityGlobals) = postSolution
		SolutionGuid = {2C435BD9-3438-434F-8747-C4AB79AF711D}
	EndGlobalSection
EndGlobal
